// !$*UTF8*$!
{
	archiveVersion = 1;
	classes = {
	};
	objectVersion = 48;
	objects = {

/* Begin PBXBuildFile section */
		EEE36DFD20344649001AA699 /* AppDelegate.swift in Sources */ = {isa = PBXBuildFile; fileRef = EEE36DFC20344649001AA699 /* AppDelegate.swift */; };
		EEE36E0220344649001AA699 /* Main.storyboard in Resources */ = {isa = PBXBuildFile; fileRef = EEE36E0020344649001AA699 /* Main.storyboard */; };
		EEE36E0420344649001AA699 /* Assets.xcassets in Resources */ = {isa = PBXBuildFile; fileRef = EEE36E0320344649001AA699 /* Assets.xcassets */; };
		EEE36E0720344649001AA699 /* LaunchScreen.storyboard in Resources */ = {isa = PBXBuildFile; fileRef = EEE36E0520344649001AA699 /* LaunchScreen.storyboard */; };
		EEE36E1120344758001AA699 /* CustomViewCell.swift in Sources */ = {isa = PBXBuildFile; fileRef = EEE36E1020344758001AA699 /* CustomViewCell.swift */; };
		EEE36E1320344788001AA699 /* MasterTableViewController.swift in Sources */ = {isa = PBXBuildFile; fileRef = EEE36E1220344788001AA699 /* MasterTableViewController.swift */; };
		EEE36E15203447DB001AA699 /* DetailViewController.swift in Sources */ = {isa = PBXBuildFile; fileRef = EEE36E14203447DB001AA699 /* DetailViewController.swift */; };
		EEE36E1720344956001AA699 /* Website.swift in Sources */ = {isa = PBXBuildFile; fileRef = EEE36E1620344956001AA699 /* Website.swift */; };
/* End PBXBuildFile section */

/* Begin PBXFileReference section */
		EEE36DF920344649001AA699 /* Brow.app */ = {isa = PBXFileReference; explicitFileType = wrapper.application; includeInIndex = 0; path = Brow.app; sourceTree = BUILT_PRODUCTS_DIR; };
		EEE36DFC20344649001AA699 /* AppDelegate.swift */ = {isa = PBXFileReference; lastKnownFileType = sourcecode.swift; path = AppDelegate.swift; sourceTree = "<group>"; };
		EEE36E0120344649001AA699 /* Base */ = {isa = PBXFileReference; lastKnownFileType = file.storyboard; name = Base; path = Base.lproj/Main.storyboard; sourceTree = "<group>"; };
		EEE36E0320344649001AA699 /* Assets.xcassets */ = {isa = PBXFileReference; lastKnownFileType = folder.assetcatalog; path = Assets.xcassets; sourceTree = "<group>"; };
		EEE36E0620344649001AA699 /* Base */ = {isa = PBXFileReference; lastKnownFileType = file.storyboard; name = Base; path = Base.lproj/LaunchScreen.storyboard; sourceTree = "<group>"; };
		EEE36E0820344649001AA699 /* Info.plist */ = {isa = PBXFileReference; lastKnownFileType = text.plist.xml; path = Info.plist; sourceTree = "<group>"; };
		EEE36E1020344758001AA699 /* CustomViewCell.swift */ = {isa = PBXFileReference; lastKnownFileType = sourcecode.swift; path = CustomViewCell.swift; sourceTree = "<group>"; };
		EEE36E1220344788001AA699 /* MasterTableViewController.swift */ = {isa = PBXFileReference; lastKnownFileType = sourcecode.swift; path = MasterTableViewController.swift; sourceTree = "<group>"; };
		EEE36E14203447DB001AA699 /* DetailViewController.swift */ = {isa = PBXFileReference; lastKnownFileType = sourcecode.swift; path = DetailViewController.swift; sourceTree = "<group>"; };
		EEE36E1620344956001AA699 /* Website.swift */ = {isa = PBXFileReference; lastKnownFileType = sourcecode.swift; path = Website.swift; sourceTree = "<group>"; };
/* End PBXFileReference section */

/* Begin PBXFrameworksBuildPhase section */
		EEE36DF620344649001AA699 /* Frameworks */ = {
			isa = PBXFrameworksBuildPhase;
			buildActionMask = 2147483647;
			files = (
			);
			runOnlyForDeploymentPostprocessing = 0;
		};
/* End PBXFrameworksBuildPhase section */

/* Begin PBXGroup section */
		EEE36DF020344649001AA699 = {
			isa = PBXGroup;
			children = (
				EEE36DFB20344649001AA699 /* Brow */,
				EEE36DFA20344649001AA699 /* Products */,
			);
			sourceTree = "<group>";
		};
		EEE36DFA20344649001AA699 /* Products */ = {
			isa = PBXGroup;
			children = (
				EEE36DF920344649001AA699 /* Brow.app */,
			);
			name = Products;
			sourceTree = "<group>";
		};
		EEE36DFB20344649001AA699 /* Brow */ = {
			isa = PBXGroup;
			children = (
				EEE36DFC20344649001AA699 /* AppDelegate.swift */,
				EEE36E0020344649001AA699 /* Main.storyboard */,
				EEE36E0320344649001AA699 /* Assets.xcassets */,
				EEE36E0520344649001AA699 /* LaunchScreen.storyboard */,
				EEE36E0820344649001AA699 /* Info.plist */,
				EEE36E1620344956001AA699 /* Website.swift */,
				EEE36E1020344758001AA699 /* CustomViewCell.swift */,
				EEE36E1220344788001AA699 /* MasterTableViewController.swift */,
				EEE36E14203447DB001AA699 /* DetailViewController.swift */,
			);
			path = Brow;
			sourceTree = "<group>";
		};
/* End PBXGroup section */

/* Begin PBXNativeTarget section */
		EEE36DF820344649001AA699 /* Brow */ = {
			isa = PBXNativeTarget;
			buildConfigurationList = EEE36E0B20344649001AA699 /* Build configuration list for PBXNativeTarget "Brow" */;
			buildPhases = (
				EEE36DF520344649001AA699 /* Sources */,
				EEE36DF620344649001AA699 /* Frameworks */,
				EEE36DF720344649001AA699 /* Resources */,
			);
			buildRules = (
			);
			dependencies = (
			);
			name = Brow;
			productName = Brow;
			productReference = EEE36DF920344649001AA699 /* Brow.app */;
			productType = "com.apple.product-type.application";
		};
/* End PBXNativeTarget section */

/* Begin PBXProject section */
		EEE36DF120344649001AA699 /* Project object */ = {
			isa = PBXProject;
			attributes = {
				LastSwiftUpdateCheck = 0920;
				LastUpgradeCheck = 0920;
				ORGANIZATIONNAME = "Nazhmeddin Babakhanov";
				TargetAttributes = {
					EEE36DF820344649001AA699 = {
						CreatedOnToolsVersion = 9.2;
						ProvisioningStyle = Automatic;
					};
				};
			};
			buildConfigurationList = EEE36DF420344649001AA699 /* Build configuration list for PBXProject "Brow" */;
			compatibilityVersion = "Xcode 8.0";
			developmentRegion = en;
			hasScannedForEncodings = 0;
			knownRegions = (
				en,
				Base,
			);
			mainGroup = EEE36DF020344649001AA699;
			productRefGroup = EEE36DFA20344649001AA699 /* Products */;
			projectDirPath = "";
			projectRoot = "";
			targets = (
				EEE36DF820344649001AA699 /* Brow */,
			);
		};
/* End PBXProject section */

/* Begin PBXResourcesBuildPhase section */
		EEE36DF720344649001AA699 /* Resources */ = {
			isa = PBXResourcesBuildPhase;
			buildActionMask = 2147483647;
			files = (
				EEE36E0720344649001AA699 /* LaunchScreen.storyboard in Resources */,
				EEE36E0420344649001AA699 /* Assets.xcassets in Resources */,
				EEE36E0220344649001AA699 /* Main.storyboard in Resources */,
			);
			runOnlyForDeploymentPostprocessing = 0;
		};
/* End PBXResourcesBuildPhase section */

/* Begin PBXSourcesBuildPhase section */
		EEE36DF520344649001AA699 /* Sources */ = {
			isa = PBXSourcesBuildPhase;
			buildActionMask = 2147483647;
			files = (
				EEE36E1720344956001AA699 /* Website.swift in Sources */,
				EEE36DFD20344649001AA699 /* AppDelegate.swift in Sources */,
				EEE36E1320344788001AA699 /* MasterTableViewController.swift in Sources */,
				EEE36E1120344758001AA699 /* CustomViewCell.swift in Sources */,
				EEE36E15203447DB001AA699 /* DetailViewController.swift in Sources */,
			);
			runOnlyForDeploymentPostprocessing = 0;
		};
/* End PBXSourcesBuildPhase section */

/* Begin PBXVariantGroup section */
		EEE36E0020344649001AA699 /* Main.storyboard */ = {
			isa = PBXVariantGroup;
			children = (
				EEE36E0120344649001AA699 /* Base */,
			);
			name = Main.storyboard;
			sourceTree = "<group>";
		};
		EEE36E0520344649001AA699 /* LaunchScreen.storyboard */ = {
			isa = PBXVariantGroup;
			children = (
				EEE36E0620344649001AA699 /* Base */,
			);
			name = LaunchScreen.storyboard;
			sourceTree = "<group>";
		};
/* End PBXVariantGroup section */

/* Begin XCBuildConfiguration section */
		EEE36E0920344649001AA699 /* Debug */ = {
			isa = XCBuildConfiguration;
			buildSettings = {
				ALWAYS_SEARCH_USER_PATHS = NO;
				CLANG_ANALYZER_NONNULL = YES;
				CLANG_ANALYZER_NUMBER_OBJECT_CONVERSION = YES_AGGRESSIVE;
				CLANG_CXX_LANGUAGE_STANDARD = "gnu++14";
				CLANG_CXX_LIBRARY = "libc++";
				CLANG_ENABLE_MODULES = YES;
				CLANG_ENABLE_OBJC_ARC = YES;
				CLANG_WARN_BLOCK_CAPTURE_AUTORELEASING = YES;
				CLANG_WARN_BOOL_CONVERSION = YES;
				CLANG_WARN_COMMA = YES;
				CLANG_WARN_CONSTANT_CONVERSION = YES;
				CLANG_WARN_DIRECT_OBJC_ISA_USAGE = YES_ERROR;
				CLANG_WARN_DOCUMENTATION_COMMENTS = YES;
				CLANG_WARN_EMPTY_BODY = YES;
				CLANG_WARN_ENUM_CONVERSION = YES;
				CLANG_WARN_INFINITE_RECURSION = YES;
				CLANG_WARN_INT_CONVERSION = YES;
				CLANG_WARN_NON_LITERAL_NULL_CONVERSION = YES;
				CLANG_WARN_OBJC_LITERAL_CONVERSION = YES;
				CLANG_WARN_OBJC_ROOT_CLASS = YES_ERROR;
				CLANG_WARN_RANGE_LOOP_ANALYSIS = YES;
				CLANG_WARN_STRICT_PROTOTYPES = YES;
				CLANG_WARN_SUSPICIOUS_MOVE = YES;
				CLANG_WARN_UNGUARDED_AVAILABILITY = YES_AGGRESSIVE;
				CLANG_WARN_UNREACHABLE_CODE = YES;
				CLANG_WARN__DUPLICATE_METHOD_MATCH = YES;
				CODE_SIGN_IDENTITY = "iPhone Developer";
				COPY_PHASE_STRIP = NO;
				DEBUG_INFORMATION_FORMAT = dwarf;
				ENABLE_STRICT_OBJC_MSGSEND = YES;
				ENABLE_TESTABILITY = YES;
				GCC_C_LANGUAGE_STANDARD = gnu11;
				GCC_DYNAMIC_NO_PIC = NO;
				GCC_NO_COMMON_BLOCKS = YES;
				GCC_OPTIMIZATION_LEVEL = 0;
				GCC_PREPROCESSOR_DEFINITIONS = (
					"DEBUG=1",
					"$(inherited)",
				);
				GCC_WARN_64_TO_32_BIT_CONVERSION = YES;
				GCC_WARN_ABOUT_RETURN_TYPE = YES_ERROR;
				GCC_WARN_UNDECLARED_SELECTOR = YES;
				GCC_WARN_UNINITIALIZED_AUTOS = YES_AGGRESSIVE;
				GCC_WARN_UNUSED_FUNCTION = YES;
				GCC_WARN_UNUSED_VARIABLE = YES;
				IPHONEOS_DEPLOYMENT_TARGET = 11.2;
				MTL_ENABLE_DEBUG_INFO = YES;
				ONLY_ACTIVE_ARCH = YES;
				SDKROOT = iphoneos;
				SWIFT_ACTIVE_COMPILATION_CONDITIONS = DEBUG;
				SWIFT_OPTIMIZATION_LEVEL = "-Onone";
			};
			name = Debug;
		};
		EEE36E0A20344649001AA699 /* Release */ = {
			isa = XCBuildConfiguration;
			buildSettings = {
				ALWAYS_SEARCH_USER_PATHS = NO;
				CLANG_ANALYZER_NONNULL = YES;
				CLANG_ANALYZER_NUMBER_OBJECT_CONVERSION = YES_AGGRESSIVE;
				CLANG_CXX_LANGUAGE_STANDARD = "gnu++14";
				CLANG_CXX_LIBRARY = "libc++";
				CLANG_ENABLE_MODULES = YES;
				CLANG_ENABLE_OBJC_ARC = YES;
				CLANG_WARN_BLOCK_CAPTURE_AUTORELEASING = YES;
				CLANG_WARN_BOOL_CONVERSION = YES;
				CLANG_WARN_COMMA = YES;
				CLANG_WARN_CONSTANT_CONVERSION = YES;
				CLANG_WARN_DIRECT_OBJC_ISA_USAGE = YES_ERROR;
				CLANG_WARN_DOCUMENTATION_COMMENTS = YES;
				CLANG_WARN_EMPTY_BODY = YES;
				CLANG_WARN_ENUM_CONVERSION = YES;
				CLANG_WARN_INFINITE_RECURSION = YES;
				CLANG_WARN_INT_CONVERSION = YES;
				CLANG_WARN_NON_LITERAL_NULL_CONVERSION = YES;
				CLANG_WARN_OBJC_LITERAL_CONVERSION = YES;
				CLANG_WARN_OBJC_ROOT_CLASS = YES_ERROR;
				CLANG_WARN_RANGE_LOOP_ANALYSIS = YES;
				CLANG_WARN_STRICT_PROTOTYPES = YES;
				CLANG_WARN_SUSPICIOUS_MOVE = YES;
				CLANG_WARN_UNGUARDED_AVAILABILITY = YES_AGGRESSIVE;
				CLANG_WARN_UNREACHABLE_CODE = YES;
				CLANG_WARN__DUPLICATE_METHOD_MATCH = YES;
				CODE_SIGN_IDENTITY = "iPhone Developer";
				COPY_PHASE_STRIP = NO;
				DEBUG_INFORMATION_FORMAT = "dwarf-with-dsym";
				ENABLE_NS_ASSERTIONS = NO;
				ENABLE_STRICT_OBJC_MSGSEND = YES;
				GCC_C_LANGUAGE_STANDARD = gnu11;
				GCC_NO_COMMON_BLOCKS = YES;
				GCC_WARN_64_TO_32_BIT_CONVERSION = YES;
				GCC_WARN_ABOUT_RETURN_TYPE = YES_ERROR;
				GCC_WARN_UNDECLARED_SELECTOR = YES;
				GCC_WARN_UNINITIALIZED_AUTOS = YES_AGGRESSIVE;
				GCC_WARN_UNUSED_FUNCTION = YES;
				GCC_WARN_UNUSED_VARIABLE = YES;
				IPHONEOS_DEPLOYMENT_TARGET = 11.2;
				MTL_ENABLE_DEBUG_INFO = NO;
				SDKROOT = iphoneos;
				SWIFT_OPTIMIZATION_LEVEL = "-Owholemodule";
				VALIDATE_PRODUCT = YES;
			};
			name = Release;
		};
		EEE36E0C20344649001AA699 /* Debug */ = {
			isa = XCBuildConfiguration;
			buildSettings = {
				ASSETCATALOG_COMPILER_APPICON_NAME = AppIcon;
				CODE_SIGN_STYLE = Automatic;
				DEVELOPMENT_TEAM = PCK4Z978QR;
				INFOPLIST_FILE = Brow/Info.plist;
				LD_RUNPATH_SEARCH_PATHS = "$(inherited) @executable_path/Frameworks";
				PRODUCT_BUNDLE_IDENTIFIER = com.babakhannazhmeddin.Brow;
				PRODUCT_NAME = "$(TARGET_NAME)";
				SWIFT_VERSION = 4.0;
				TARGETED_DEVICE_FAMILY = "1,2";
			};
			name = Debug;
		};
		EEE36E0D20344649001AA699 /* Release */ = {
			isa = XCBuildConfiguration;
			buildSettings = {
				ASSETCATALOG_COMPILER_APPICON_NAME = AppIcon;
				CODE_SIGN_STYLE = Automatic;
				DEVELOPMENT_TEAM = PCK4Z978QR;
				INFOPLIST_FILE = Brow/Info.plist;
				LD_RUNPATH_SEARCH_PATHS = "$(inherited) @executable_path/Frameworks";
				PRODUCT_BUNDLE_IDENTIFIER = com.babakhannazhmeddin.Brow;
				PRODUCT_NAME = "$(TARGET_NAME)";
				SWIFT_VERSION = 4.0;
				TARGETED_DEVICE_FAMILY = "1,2";
			};
			name = Release;
		};
/* End XCBuildConfiguration section */

/* Begin XCConfigurationList section */
		EEE36DF420344649001AA699 /* Build configuration list for PBXProject "Brow" */ = {
			isa = XCConfigurationList;
			buildConfigurations = (
				EEE36E0920344649001AA699 /* Debug */,
				EEE36E0A20344649001AA699 /* Release */,
			);
			defaultConfigurationIsVisible = 0;
			defaultConfigurationName = Release;
		};
		EEE36E0B20344649001AA699 /* Build configuration list for PBXNativeTarget "Brow" */ = {
			isa = XCConfigurationList;
			buildConfigurations = (
				EEE36E0C20344649001AA699 /* Debug */,
				EEE36E0D20344649001AA699 /* Release */,
			);
			defaultConfigurationIsVisible = 0;
			defaultConfigurationName = Release;
		};
/* End XCConfigurationList section */
	};
	rootObject = EEE36DF120344649001AA699 /* Project object */;
}
