// !$*UTF8*$!
{
	archiveVersion = 1;
	classes = {
	};
	objectVersion = 48;
	objects = {

/* Begin PBXBuildFile section */
		7626CE01202806AC0064851A /* AppDelegate.swift in Sources */ = {isa = PBXBuildFile; fileRef = 7626CE00202806AC0064851A /* AppDelegate.swift */; };
		7626CE03202806AC0064851A /* ViewController.swift in Sources */ = {isa = PBXBuildFile; fileRef = 7626CE02202806AC0064851A /* ViewController.swift */; };
		7626CE06202806AC0064851A /* Main.storyboard in Resources */ = {isa = PBXBuildFile; fileRef = 7626CE04202806AC0064851A /* Main.storyboard */; };
		7626CE08202806AC0064851A /* Assets.xcassets in Resources */ = {isa = PBXBuildFile; fileRef = 7626CE07202806AC0064851A /* Assets.xcassets */; };
		7626CE0B202806AC0064851A /* LaunchScreen.storyboard in Resources */ = {isa = PBXBuildFile; fileRef = 7626CE09202806AC0064851A /* LaunchScreen.storyboard */; };
		7626CE132028074A0064851A /* CustomView.swift in Sources */ = {isa = PBXBuildFile; fileRef = 7626CE122028074A0064851A /* CustomView.swift */; };
/* End PBXBuildFile section */

/* Begin PBXFileReference section */
		7626CDFD202806AC0064851A /* SimpleDrawing.app */ = {isa = PBXFileReference; explicitFileType = wrapper.application; includeInIndex = 0; path = SimpleDrawing.app; sourceTree = BUILT_PRODUCTS_DIR; };
		7626CE00202806AC0064851A /* AppDelegate.swift */ = {isa = PBXFileReference; lastKnownFileType = sourcecode.swift; path = AppDelegate.swift; sourceTree = "<group>"; };
		7626CE02202806AC0064851A /* ViewController.swift */ = {isa = PBXFileReference; lastKnownFileType = sourcecode.swift; path = ViewController.swift; sourceTree = "<group>"; };
		7626CE05202806AC0064851A /* Base */ = {isa = PBXFileReference; lastKnownFileType = file.storyboard; name = Base; path = Base.lproj/Main.storyboard; sourceTree = "<group>"; };
		7626CE07202806AC0064851A /* Assets.xcassets */ = {isa = PBXFileReference; lastKnownFileType = folder.assetcatalog; path = Assets.xcassets; sourceTree = "<group>"; };
		7626CE0A202806AC0064851A /* Base */ = {isa = PBXFileReference; lastKnownFileType = file.storyboard; name = Base; path = Base.lproj/LaunchScreen.storyboard; sourceTree = "<group>"; };
		7626CE0C202806AC0064851A /* Info.plist */ = {isa = PBXFileReference; lastKnownFileType = text.plist.xml; path = Info.plist; sourceTree = "<group>"; };
		7626CE122028074A0064851A /* CustomView.swift */ = {isa = PBXFileReference; lastKnownFileType = sourcecode.swift; path = CustomView.swift; sourceTree = "<group>"; };
/* End PBXFileReference section */

/* Begin PBXFrameworksBuildPhase section */
		7626CDFA202806AC0064851A /* Frameworks */ = {
			isa = PBXFrameworksBuildPhase;
			buildActionMask = 2147483647;
			files = (
			);
			runOnlyForDeploymentPostprocessing = 0;
		};
/* End PBXFrameworksBuildPhase section */

/* Begin PBXGroup section */
		7626CDF4202806AC0064851A = {
			isa = PBXGroup;
			children = (
				7626CDFF202806AC0064851A /* SimpleDrawing */,
				7626CDFE202806AC0064851A /* Products */,
			);
			sourceTree = "<group>";
		};
		7626CDFE202806AC0064851A /* Products */ = {
			isa = PBXGroup;
			children = (
				7626CDFD202806AC0064851A /* SimpleDrawing.app */,
			);
			name = Products;
			sourceTree = "<group>";
		};
		7626CDFF202806AC0064851A /* SimpleDrawing */ = {
			isa = PBXGroup;
			children = (
				7626CE00202806AC0064851A /* AppDelegate.swift */,
				7626CE02202806AC0064851A /* ViewController.swift */,
				7626CE04202806AC0064851A /* Main.storyboard */,
				7626CE07202806AC0064851A /* Assets.xcassets */,
				7626CE09202806AC0064851A /* LaunchScreen.storyboard */,
				7626CE0C202806AC0064851A /* Info.plist */,
				7626CE122028074A0064851A /* CustomView.swift */,
			);
			path = SimpleDrawing;
			sourceTree = "<group>";
		};
/* End PBXGroup section */

/* Begin PBXNativeTarget section */
		7626CDFC202806AC0064851A /* SimpleDrawing */ = {
			isa = PBXNativeTarget;
			buildConfigurationList = 7626CE0F202806AC0064851A /* Build configuration list for PBXNativeTarget "SimpleDrawing" */;
			buildPhases = (
				7626CDF9202806AC0064851A /* Sources */,
				7626CDFA202806AC0064851A /* Frameworks */,
				7626CDFB202806AC0064851A /* Resources */,
			);
			buildRules = (
			);
			dependencies = (
			);
			name = SimpleDrawing;
			productName = SimpleDrawing;
			productReference = 7626CDFD202806AC0064851A /* SimpleDrawing.app */;
			productType = "com.apple.product-type.application";
		};
/* End PBXNativeTarget section */

/* Begin PBXProject section */
		7626CDF5202806AC0064851A /* Project object */ = {
			isa = PBXProject;
			attributes = {
				LastSwiftUpdateCheck = 0900;
				LastUpgradeCheck = 0900;
				ORGANIZATIONNAME = SDU;
				TargetAttributes = {
					7626CDFC202806AC0064851A = {
						CreatedOnToolsVersion = 9.0;
						ProvisioningStyle = Automatic;
					};
				};
			};
			buildConfigurationList = 7626CDF8202806AC0064851A /* Build configuration list for PBXProject "SimpleDrawing" */;
			compatibilityVersion = "Xcode 8.0";
			developmentRegion = en;
			hasScannedForEncodings = 0;
			knownRegions = (
				en,
				Base,
			);
			mainGroup = 7626CDF4202806AC0064851A;
			productRefGroup = 7626CDFE202806AC0064851A /* Products */;
			projectDirPath = "";
			projectRoot = "";
			targets = (
				7626CDFC202806AC0064851A /* SimpleDrawing */,
			);
		};
/* End PBXProject section */

/* Begin PBXResourcesBuildPhase section */
		7626CDFB202806AC0064851A /* Resources */ = {
			isa = PBXResourcesBuildPhase;
			buildActionMask = 2147483647;
			files = (
				7626CE0B202806AC0064851A /* LaunchScreen.storyboard in Resources */,
				7626CE08202806AC0064851A /* Assets.xcassets in Resources */,
				7626CE06202806AC0064851A /* Main.storyboard in Resources */,
			);
			runOnlyForDeploymentPostprocessing = 0;
		};
/* End PBXResourcesBuildPhase section */

/* Begin PBXSourcesBuildPhase section */
		7626CDF9202806AC0064851A /* Sources */ = {
			isa = PBXSourcesBuildPhase;
			buildActionMask = 2147483647;
			files = (
				7626CE132028074A0064851A /* CustomView.swift in Sources */,
				7626CE03202806AC0064851A /* ViewController.swift in Sources */,
				7626CE01202806AC0064851A /* AppDelegate.swift in Sources */,
			);
			runOnlyForDeploymentPostprocessing = 0;
		};
/* End PBXSourcesBuildPhase section */

/* Begin PBXVariantGroup section */
		7626CE04202806AC0064851A /* Main.storyboard */ = {
			isa = PBXVariantGroup;
			children = (
				7626CE05202806AC0064851A /* Base */,
			);
			name = Main.storyboard;
			sourceTree = "<group>";
		};
		7626CE09202806AC0064851A /* LaunchScreen.storyboard */ = {
			isa = PBXVariantGroup;
			children = (
				7626CE0A202806AC0064851A /* Base */,
			);
			name = LaunchScreen.storyboard;
			sourceTree = "<group>";
		};
/* End PBXVariantGroup section */

/* Begin XCBuildConfiguration section */
		7626CE0D202806AC0064851A /* Debug */ = {
			isa = XCBuildConfiguration;
			buildSettings = {
				ALWAYS_SEARCH_USER_PATHS = NO;
				CLANG_ANALYZER_NONNULL = YES;
				CLANG_ANALYZER_NUMBER_OBJECT_CONVERSION = YES_AGGRESSIVE;
				CLANG_CXX_LANGUAGE_STANDARD = "gnu++14";
				CLANG_CXX_LIBRARY = "libc++";
				CLANG_ENABLE_MODULES = YES;
				CLANG_ENABLE_OBJC_ARC = YES;
				CLANG_WARN_BLOCK_CAPTURE_AUTORELEASING = YES;
				CLANG_WARN_BOOL_CONVERSION = YES;
				CLANG_WARN_COMMA = YES;
				CLANG_WARN_CONSTANT_CONVERSION = YES;
				CLANG_WARN_DIRECT_OBJC_ISA_USAGE = YES_ERROR;
				CLANG_WARN_DOCUMENTATION_COMMENTS = YES;
				CLANG_WARN_EMPTY_BODY = YES;
				CLANG_WARN_ENUM_CONVERSION = YES;
				CLANG_WARN_INFINITE_RECURSION = YES;
				CLANG_WARN_INT_CONVERSION = YES;
				CLANG_WARN_NON_LITERAL_NULL_CONVERSION = YES;
				CLANG_WARN_OBJC_LITERAL_CONVERSION = YES;
				CLANG_WARN_OBJC_ROOT_CLASS = YES_ERROR;
				CLANG_WARN_RANGE_LOOP_ANALYSIS = YES;
				CLANG_WARN_STRICT_PROTOTYPES = YES;
				CLANG_WARN_SUSPICIOUS_MOVE = YES;
				CLANG_WARN_UNGUARDED_AVAILABILITY = YES_AGGRESSIVE;
				CLANG_WARN_UNREACHABLE_CODE = YES;
				CLANG_WARN__DUPLICATE_METHOD_MATCH = YES;
				CODE_SIGN_IDENTITY = "iPhone Developer";
				COPY_PHASE_STRIP = NO;
				DEBUG_INFORMATION_FORMAT = dwarf;
				ENABLE_STRICT_OBJC_MSGSEND = YES;
				ENABLE_TESTABILITY = YES;
				GCC_C_LANGUAGE_STANDARD = gnu11;
				GCC_DYNAMIC_NO_PIC = NO;
				GCC_NO_COMMON_BLOCKS = YES;
				GCC_OPTIMIZATION_LEVEL = 0;
				GCC_PREPROCESSOR_DEFINITIONS = (
					"DEBUG=1",
					"$(inherited)",
				);
				GCC_WARN_64_TO_32_BIT_CONVERSION = YES;
				GCC_WARN_ABOUT_RETURN_TYPE = YES_ERROR;
				GCC_WARN_UNDECLARED_SELECTOR = YES;
				GCC_WARN_UNINITIALIZED_AUTOS = YES_AGGRESSIVE;
				GCC_WARN_UNUSED_FUNCTION = YES;
				GCC_WARN_UNUSED_VARIABLE = YES;
				IPHONEOS_DEPLOYMENT_TARGET = 11.0;
				MTL_ENABLE_DEBUG_INFO = YES;
				ONLY_ACTIVE_ARCH = YES;
				SDKROOT = iphoneos;
				SWIFT_ACTIVE_COMPILATION_CONDITIONS = DEBUG;
				SWIFT_OPTIMIZATION_LEVEL = "-Onone";
			};
			name = Debug;
		};
		7626CE0E202806AC0064851A /* Release */ = {
			isa = XCBuildConfiguration;
			buildSettings = {
				ALWAYS_SEARCH_USER_PATHS = NO;
				CLANG_ANALYZER_NONNULL = YES;
				CLANG_ANALYZER_NUMBER_OBJECT_CONVERSION = YES_AGGRESSIVE;
				CLANG_CXX_LANGUAGE_STANDARD = "gnu++14";
				CLANG_CXX_LIBRARY = "libc++";
				CLANG_ENABLE_MODULES = YES;
				CLANG_ENABLE_OBJC_ARC = YES;
				CLANG_WARN_BLOCK_CAPTURE_AUTORELEASING = YES;
				CLANG_WARN_BOOL_CONVERSION = YES;
				CLANG_WARN_COMMA = YES;
				CLANG_WARN_CONSTANT_CONVERSION = YES;
				CLANG_WARN_DIRECT_OBJC_ISA_USAGE = YES_ERROR;
				CLANG_WARN_DOCUMENTATION_COMMENTS = YES;
				CLANG_WARN_EMPTY_BODY = YES;
				CLANG_WARN_ENUM_CONVERSION = YES;
				CLANG_WARN_INFINITE_RECURSION = YES;
				CLANG_WARN_INT_CONVERSION = YES;
				CLANG_WARN_NON_LITERAL_NULL_CONVERSION = YES;
				CLANG_WARN_OBJC_LITERAL_CONVERSION = YES;
				CLANG_WARN_OBJC_ROOT_CLASS = YES_ERROR;
				CLANG_WARN_RANGE_LOOP_ANALYSIS = YES;
				CLANG_WARN_STRICT_PROTOTYPES = YES;
				CLANG_WARN_SUSPICIOUS_MOVE = YES;
				CLANG_WARN_UNGUARDED_AVAILABILITY = YES_AGGRESSIVE;
				CLANG_WARN_UNREACHABLE_CODE = YES;
				CLANG_WARN__DUPLICATE_METHOD_MATCH = YES;
				CODE_SIGN_IDENTITY = "iPhone Developer";
				COPY_PHASE_STRIP = NO;
				DEBUG_INFORMATION_FORMAT = "dwarf-with-dsym";
				ENABLE_NS_ASSERTIONS = NO;
				ENABLE_STRICT_OBJC_MSGSEND = YES;
				GCC_C_LANGUAGE_STANDARD = gnu11;
				GCC_NO_COMMON_BLOCKS = YES;
				GCC_WARN_64_TO_32_BIT_CONVERSION = YES;
				GCC_WARN_ABOUT_RETURN_TYPE = YES_ERROR;
				GCC_WARN_UNDECLARED_SELECTOR = YES;
				GCC_WARN_UNINITIALIZED_AUTOS = YES_AGGRESSIVE;
				GCC_WARN_UNUSED_FUNCTION = YES;
				GCC_WARN_UNUSED_VARIABLE = YES;
				IPHONEOS_DEPLOYMENT_TARGET = 11.0;
				MTL_ENABLE_DEBUG_INFO = NO;
				SDKROOT = iphoneos;
				SWIFT_OPTIMIZATION_LEVEL = "-Owholemodule";
				VALIDATE_PRODUCT = YES;
			};
			name = Release;
		};
		7626CE10202806AC0064851A /* Debug */ = {
			isa = XCBuildConfiguration;
			buildSettings = {
				ASSETCATALOG_COMPILER_APPICON_NAME = AppIcon;
				CODE_SIGN_STYLE = Automatic;
				DEVELOPMENT_TEAM = 783244J2ZD;
				INFOPLIST_FILE = SimpleDrawing/Info.plist;
				LD_RUNPATH_SEARCH_PATHS = "$(inherited) @executable_path/Frameworks";
				PRODUCT_BUNDLE_IDENTIFIER = sdu.edu.kz.271192.SimpleDrawing;
				PRODUCT_NAME = "$(TARGET_NAME)";
				SWIFT_VERSION = 4.0;
				TARGETED_DEVICE_FAMILY = "1,2";
			};
			name = Debug;
		};
		7626CE11202806AC0064851A /* Release */ = {
			isa = XCBuildConfiguration;
			buildSettings = {
				ASSETCATALOG_COMPILER_APPICON_NAME = AppIcon;
				CODE_SIGN_STYLE = Automatic;
				DEVELOPMENT_TEAM = 783244J2ZD;
				INFOPLIST_FILE = SimpleDrawing/Info.plist;
				LD_RUNPATH_SEARCH_PATHS = "$(inherited) @executable_path/Frameworks";
				PRODUCT_BUNDLE_IDENTIFIER = sdu.edu.kz.271192.SimpleDrawing;
				PRODUCT_NAME = "$(TARGET_NAME)";
				SWIFT_VERSION = 4.0;
				TARGETED_DEVICE_FAMILY = "1,2";
			};
			name = Release;
		};
/* End XCBuildConfiguration section */

/* Begin XCConfigurationList section */
		7626CDF8202806AC0064851A /* Build configuration list for PBXProject "SimpleDrawing" */ = {
			isa = XCConfigurationList;
			buildConfigurations = (
				7626CE0D202806AC0064851A /* Debug */,
				7626CE0E202806AC0064851A /* Release */,
			);
			defaultConfigurationIsVisible = 0;
			defaultConfigurationName = Release;
		};
		7626CE0F202806AC0064851A /* Build configuration list for PBXNativeTarget "SimpleDrawing" */ = {
			isa = XCConfigurationList;
			buildConfigurations = (
				7626CE10202806AC0064851A /* Debug */,
				7626CE11202806AC0064851A /* Release */,
			);
			defaultConfigurationIsVisible = 0;
			defaultConfigurationName = Release;
		};
/* End XCConfigurationList section */
	};
	rootObject = 7626CDF5202806AC0064851A /* Project object */;
}
